
Microsoft Visual Studio Solution File, Format Version 12.00
# Visual Studio Version 17
VisualStudioVersion = 17.8.34330.188
MinimumVisualStudioVersion = 10.0.40219.1
Project("{FAE04EC0-301F-11D3-BF4B-00C04F79EFBC}") = "hostsEditor", "hostsEditor.csproj", "{68F09D15-7357-4333-8871-E5A9A39CA0B9}"
EndProject
Global
	GlobalSection(SolutionConfigurationPlatforms) = preSolution
		Debug|Any CPU = Debug|Any CPU
		Release|Any CPU = Release|Any CPU
	EndGlobalSection
	GlobalSection(ProjectConfigurationPlatforms) = postSolution
		{68F09D15-7357-4333-8871-E5A9A39CA0B9}.Debug|Any CPU.ActiveCfg = Debug|Any CPU
		{68F09D15-7357-4333-8871-E5A9A39CA0B9}.Debug|Any CPU.Build.0 = Debug|Any CPU
		{68F09D15-7357-4333-8871-E5A9A39CA0B9}.Release|Any CPU.ActiveCfg = Release|Any CPU
		{68F09D15-7357-4333-8871-E5A9A39CA0B9}.Release|Any CPU.Build.0 = Release|Any CPU
	EndGlobalSection
	GlobalSection(SolutionProperties) = preSolution
		HideSolutionNode = FALSE
	EndGlobalSection
	GlobalSection(ExtensibilityGlobals) = postSolution
		SolutionGuid = {7DDB0FBA-5D5C-43DD-967C-DD6D6980B289}
	EndGlobalSection
EndGlobal
